// !$*UTF8*$!
{
	archiveVersion = 1;
	classes = {
	};
	objectVersion = 56;
	objects = {

/* Begin PBXBuildFile section */
		DE51E8BE2BF60801003A98B6 /* WeatherManager.swift in Sources */ = {isa = PBXBuildFile; fileRef = DE51E8BD2BF60801003A98B6 /* WeatherManager.swift */; };
		DE51E8C02BF60D50003A98B6 /* WeatherView.swift in Sources */ = {isa = PBXBuildFile; fileRef = DE51E8BF2BF60D50003A98B6 /* WeatherView.swift */; };
		DE51E8C22BF60DB1003A98B6 /* ModalData.swift in Sources */ = {isa = PBXBuildFile; fileRef = DE51E8C12BF60DB1003A98B6 /* ModalData.swift */; };
		DE51E8C42BF60DF0003A98B6 /* weatherData.json in Resources */ = {isa = PBXBuildFile; fileRef = DE51E8C32BF60DF0003A98B6 /* weatherData.json */; };
		DE51E8C62BF60F5D003A98B6 /* Extensions.swift in Sources */ = {isa = PBXBuildFile; fileRef = DE51E8C52BF60F5D003A98B6 /* Extensions.swift */; };
		DE51E8C92BF61725003A98B6 /* WeatherRow.swift in Sources */ = {isa = PBXBuildFile; fileRef = DE51E8C82BF61725003A98B6 /* WeatherRow.swift */; };
		DE8D4B462BF4DD6F00BA849A /* WeatherApp.swift in Sources */ = {isa = PBXBuildFile; fileRef = DE8D4B452BF4DD6F00BA849A /* WeatherApp.swift */; };
		DE8D4B482BF4DD6F00BA849A /* ContentView.swift in Sources */ = {isa = PBXBuildFile; fileRef = DE8D4B472BF4DD6F00BA849A /* ContentView.swift */; };
		DE8D4B4A2BF4DD7100BA849A /* Assets.xcassets in Resources */ = {isa = PBXBuildFile; fileRef = DE8D4B492BF4DD7100BA849A /* Assets.xcassets */; };
		DE8D4B4D2BF4DD7100BA849A /* Preview Assets.xcassets in Resources */ = {isa = PBXBuildFile; fileRef = DE8D4B4C2BF4DD7100BA849A /* Preview Assets.xcassets */; };
		DE8D4B572BF4DD7100BA849A /* WeatherTests.swift in Sources */ = {isa = PBXBuildFile; fileRef = DE8D4B562BF4DD7100BA849A /* WeatherTests.swift */; };
		DE8D4B612BF4DD7100BA849A /* WeatherUITests.swift in Sources */ = {isa = PBXBuildFile; fileRef = DE8D4B602BF4DD7100BA849A /* WeatherUITests.swift */; };
		DE8D4B632BF4DD7100BA849A /* WeatherUITestsLaunchTests.swift in Sources */ = {isa = PBXBuildFile; fileRef = DE8D4B622BF4DD7100BA849A /* WeatherUITestsLaunchTests.swift */; };
		DE8D4B712BF4E22900BA849A /* LocationManager.swift in Sources */ = {isa = PBXBuildFile; fileRef = DE8D4B702BF4E22900BA849A /* LocationManager.swift */; };
		DE8D4B742BF4E46C00BA849A /* WelcomeView.swift in Sources */ = {isa = PBXBuildFile; fileRef = DE8D4B732BF4E46C00BA849A /* WelcomeView.swift */; };
		DE8D4B762BF4E78A00BA849A /* LoadingView.swift in Sources */ = {isa = PBXBuildFile; fileRef = DE8D4B752BF4E78A00BA849A /* LoadingView.swift */; };
/* End PBXBuildFile section */

/* Begin PBXContainerItemProxy section */
		DE8D4B532BF4DD7100BA849A /* PBXContainerItemProxy */ = {
			isa = PBXContainerItemProxy;
			containerPortal = DE8D4B3A2BF4DD6F00BA849A /* Project object */;
			proxyType = 1;
			remoteGlobalIDString = DE8D4B412BF4DD6F00BA849A;
			remoteInfo = Weather;
		};
		DE8D4B5D2BF4DD7100BA849A /* PBXContainerItemProxy */ = {
			isa = PBXContainerItemProxy;
			containerPortal = DE8D4B3A2BF4DD6F00BA849A /* Project object */;
			proxyType = 1;
			remoteGlobalIDString = DE8D4B412BF4DD6F00BA849A;
			remoteInfo = Weather;
		};
/* End PBXContainerItemProxy section */

/* Begin PBXFileReference section */
		DE51E8BD2BF60801003A98B6 /* WeatherManager.swift */ = {isa = PBXFileReference; lastKnownFileType = sourcecode.swift; path = WeatherManager.swift; sourceTree = "<group>"; };
		DE51E8BF2BF60D50003A98B6 /* WeatherView.swift */ = {isa = PBXFileReference; lastKnownFileType = sourcecode.swift; path = WeatherView.swift; sourceTree = "<group>"; };
		DE51E8C12BF60DB1003A98B6 /* ModalData.swift */ = {isa = PBXFileReference; lastKnownFileType = sourcecode.swift; path = ModalData.swift; sourceTree = "<group>"; };
		DE51E8C32BF60DF0003A98B6 /* weatherData.json */ = {isa = PBXFileReference; lastKnownFileType = text.json; path = weatherData.json; sourceTree = "<group>"; };
		DE51E8C52BF60F5D003A98B6 /* Extensions.swift */ = {isa = PBXFileReference; lastKnownFileType = sourcecode.swift; path = Extensions.swift; sourceTree = "<group>"; };
		DE51E8C82BF61725003A98B6 /* WeatherRow.swift */ = {isa = PBXFileReference; lastKnownFileType = sourcecode.swift; path = WeatherRow.swift; sourceTree = "<group>"; };
		DE8D4B422BF4DD6F00BA849A /* Weather.app */ = {isa = PBXFileReference; explicitFileType = wrapper.application; includeInIndex = 0; path = Weather.app; sourceTree = BUILT_PRODUCTS_DIR; };
		DE8D4B452BF4DD6F00BA849A /* WeatherApp.swift */ = {isa = PBXFileReference; lastKnownFileType = sourcecode.swift; path = WeatherApp.swift; sourceTree = "<group>"; };
		DE8D4B472BF4DD6F00BA849A /* ContentView.swift */ = {isa = PBXFileReference; lastKnownFileType = sourcecode.swift; path = ContentView.swift; sourceTree = "<group>"; };
		DE8D4B492BF4DD7100BA849A /* Assets.xcassets */ = {isa = PBXFileReference; lastKnownFileType = folder.assetcatalog; path = Assets.xcassets; sourceTree = "<group>"; };
		DE8D4B4C2BF4DD7100BA849A /* Preview Assets.xcassets */ = {isa = PBXFileReference; lastKnownFileType = folder.assetcatalog; path = "Preview Assets.xcassets"; sourceTree = "<group>"; };
		DE8D4B522BF4DD7100BA849A /* WeatherTests.xctest */ = {isa = PBXFileReference; explicitFileType = wrapper.cfbundle; includeInIndex = 0; path = WeatherTests.xctest; sourceTree = BUILT_PRODUCTS_DIR; };
		DE8D4B562BF4DD7100BA849A /* WeatherTests.swift */ = {isa = PBXFileReference; lastKnownFileType = sourcecode.swift; path = WeatherTests.swift; sourceTree = "<group>"; };
		DE8D4B5C2BF4DD7100BA849A /* WeatherUITests.xctest */ = {isa = PBXFileReference; explicitFileType = wrapper.cfbundle; includeInIndex = 0; path = WeatherUITests.xctest; sourceTree = BUILT_PRODUCTS_DIR; };
		DE8D4B602BF4DD7100BA849A /* WeatherUITests.swift */ = {isa = PBXFileReference; lastKnownFileType = sourcecode.swift; path = WeatherUITests.swift; sourceTree = "<group>"; };
		DE8D4B622BF4DD7100BA849A /* WeatherUITestsLaunchTests.swift */ = {isa = PBXFileReference; lastKnownFileType = sourcecode.swift; path = WeatherUITestsLaunchTests.swift; sourceTree = "<group>"; };
		DE8D4B702BF4E22900BA849A /* LocationManager.swift */ = {isa = PBXFileReference; lastKnownFileType = sourcecode.swift; path = LocationManager.swift; sourceTree = "<group>"; };
		DE8D4B732BF4E46C00BA849A /* WelcomeView.swift */ = {isa = PBXFileReference; lastKnownFileType = sourcecode.swift; path = WelcomeView.swift; sourceTree = "<group>"; };
		DE8D4B752BF4E78A00BA849A /* LoadingView.swift */ = {isa = PBXFileReference; lastKnownFileType = sourcecode.swift; path = LoadingView.swift; sourceTree = "<group>"; };
/* End PBXFileReference section */

/* Begin PBXFrameworksBuildPhase section */
		DE8D4B3F2BF4DD6F00BA849A /* Frameworks */ = {
			isa = PBXFrameworksBuildPhase;
			buildActionMask = 2147483647;
			files = (
			);
			runOnlyForDeploymentPostprocessing = 0;
		};
		DE8D4B4F2BF4DD7100BA849A /* Frameworks */ = {
			isa = PBXFrameworksBuildPhase;
			buildActionMask = 2147483647;
			files = (
			);
			runOnlyForDeploymentPostprocessing = 0;
		};
		DE8D4B592BF4DD7100BA849A /* Frameworks */ = {
			isa = PBXFrameworksBuildPhase;
			buildActionMask = 2147483647;
			files = (
			);
			runOnlyForDeploymentPostprocessing = 0;
		};
/* End PBXFrameworksBuildPhase section */

/* Begin PBXGroup section */
		DE51E8C72BF61711003A98B6 /* Component */ = {
			isa = PBXGroup;
			children = (
				DE51E8C82BF61725003A98B6 /* WeatherRow.swift */,
			);
			path = Component;
			sourceTree = "<group>";
		};
		DE8D4B392BF4DD6F00BA849A = {
			isa = PBXGroup;
			children = (
				DE8D4B442BF4DD6F00BA849A /* Weather */,
				DE8D4B552BF4DD7100BA849A /* WeatherTests */,
				DE8D4B5F2BF4DD7100BA849A /* WeatherUITests */,
				DE8D4B432BF4DD6F00BA849A /* Products */,
			);
			sourceTree = "<group>";
		};
		DE8D4B432BF4DD6F00BA849A /* Products */ = {
			isa = PBXGroup;
			children = (
				DE8D4B422BF4DD6F00BA849A /* Weather.app */,
				DE8D4B522BF4DD7100BA849A /* WeatherTests.xctest */,
				DE8D4B5C2BF4DD7100BA849A /* WeatherUITests.xctest */,
			);
			name = Products;
			sourceTree = "<group>";
		};
		DE8D4B442BF4DD6F00BA849A /* Weather */ = {
			isa = PBXGroup;
			children = (
				DE51E8C72BF61711003A98B6 /* Component */,
				DE51E8C52BF60F5D003A98B6 /* Extensions.swift */,
				DE8D4B722BF4E3C900BA849A /* Views */,
				DE8D4B6F2BF4E21400BA849A /* Managers */,
				DE8D4B452BF4DD6F00BA849A /* WeatherApp.swift */,
				DE8D4B492BF4DD7100BA849A /* Assets.xcassets */,
				DE8D4B4B2BF4DD7100BA849A /* Preview Content */,
			);
			path = Weather;
			sourceTree = "<group>";
		};
		DE8D4B4B2BF4DD7100BA849A /* Preview Content */ = {
			isa = PBXGroup;
			children = (
				DE8D4B4C2BF4DD7100BA849A /* Preview Assets.xcassets */,
				DE51E8C12BF60DB1003A98B6 /* ModalData.swift */,
				DE51E8C32BF60DF0003A98B6 /* weatherData.json */,
			);
			path = "Preview Content";
			sourceTree = "<group>";
		};
		DE8D4B552BF4DD7100BA849A /* WeatherTests */ = {
			isa = PBXGroup;
			children = (
				DE8D4B562BF4DD7100BA849A /* WeatherTests.swift */,
			);
			path = WeatherTests;
			sourceTree = "<group>";
		};
		DE8D4B5F2BF4DD7100BA849A /* WeatherUITests */ = {
			isa = PBXGroup;
			children = (
				DE8D4B602BF4DD7100BA849A /* WeatherUITests.swift */,
				DE8D4B622BF4DD7100BA849A /* WeatherUITestsLaunchTests.swift */,
			);
			path = WeatherUITests;
			sourceTree = "<group>";
		};
		DE8D4B6F2BF4E21400BA849A /* Managers */ = {
			isa = PBXGroup;
			children = (
				DE8D4B702BF4E22900BA849A /* LocationManager.swift */,
				DE51E8BD2BF60801003A98B6 /* WeatherManager.swift */,
			);
			path = Managers;
			sourceTree = "<group>";
		};
		DE8D4B722BF4E3C900BA849A /* Views */ = {
			isa = PBXGroup;
			children = (
				DE8D4B472BF4DD6F00BA849A /* ContentView.swift */,
				DE8D4B732BF4E46C00BA849A /* WelcomeView.swift */,
				DE8D4B752BF4E78A00BA849A /* LoadingView.swift */,
				DE51E8BF2BF60D50003A98B6 /* WeatherView.swift */,
			);
			path = Views;
			sourceTree = "<group>";
		};
/* End PBXGroup section */

/* Begin PBXNativeTarget section */
		DE8D4B412BF4DD6F00BA849A /* Weather */ = {
			isa = PBXNativeTarget;
			buildConfigurationList = DE8D4B662BF4DD7100BA849A /* Build configuration list for PBXNativeTarget "Weather" */;
			buildPhases = (
				DE8D4B3E2BF4DD6F00BA849A /* Sources */,
				DE8D4B3F2BF4DD6F00BA849A /* Frameworks */,
				DE8D4B402BF4DD6F00BA849A /* Resources */,
			);
			buildRules = (
			);
			dependencies = (
			);
			name = Weather;
			productName = Weather;
			productReference = DE8D4B422BF4DD6F00BA849A /* Weather.app */;
			productType = "com.apple.product-type.application";
		};
		DE8D4B512BF4DD7100BA849A /* WeatherTests */ = {
			isa = PBXNativeTarget;
			buildConfigurationList = DE8D4B692BF4DD7100BA849A /* Build configuration list for PBXNativeTarget "WeatherTests" */;
			buildPhases = (
				DE8D4B4E2BF4DD7100BA849A /* Sources */,
				DE8D4B4F2BF4DD7100BA849A /* Frameworks */,
				DE8D4B502BF4DD7100BA849A /* Resources */,
			);
			buildRules = (
			);
			dependencies = (
				DE8D4B542BF4DD7100BA849A /* PBXTargetDependency */,
			);
			name = WeatherTests;
			productName = WeatherTests;
			productReference = DE8D4B522BF4DD7100BA849A /* WeatherTests.xctest */;
			productType = "com.apple.product-type.bundle.unit-test";
		};
		DE8D4B5B2BF4DD7100BA849A /* WeatherUITests */ = {
			isa = PBXNativeTarget;
			buildConfigurationList = DE8D4B6C2BF4DD7100BA849A /* Build configuration list for PBXNativeTarget "WeatherUITests" */;
			buildPhases = (
				DE8D4B582BF4DD7100BA849A /* Sources */,
				DE8D4B592BF4DD7100BA849A /* Frameworks */,
				DE8D4B5A2BF4DD7100BA849A /* Resources */,
			);
			buildRules = (
			);
			dependencies = (
				DE8D4B5E2BF4DD7100BA849A /* PBXTargetDependency */,
			);
			name = WeatherUITests;
			productName = WeatherUITests;
			productReference = DE8D4B5C2BF4DD7100BA849A /* WeatherUITests.xctest */;
			productType = "com.apple.product-type.bundle.ui-testing";
		};
/* End PBXNativeTarget section */

/* Begin PBXProject section */
		DE8D4B3A2BF4DD6F00BA849A /* Project object */ = {
			isa = PBXProject;
			attributes = {
				BuildIndependentTargetsInParallel = 1;
				LastSwiftUpdateCheck = 1520;
				LastUpgradeCheck = 1520;
				TargetAttributes = {
					DE8D4B412BF4DD6F00BA849A = {
						CreatedOnToolsVersion = 15.2;
					};
					DE8D4B512BF4DD7100BA849A = {
						CreatedOnToolsVersion = 15.2;
						TestTargetID = DE8D4B412BF4DD6F00BA849A;
					};
					DE8D4B5B2BF4DD7100BA849A = {
						CreatedOnToolsVersion = 15.2;
						TestTargetID = DE8D4B412BF4DD6F00BA849A;
					};
				};
			};
			buildConfigurationList = DE8D4B3D2BF4DD6F00BA849A /* Build configuration list for PBXProject "Weather" */;
			compatibilityVersion = "Xcode 14.0";
			developmentRegion = en;
			hasScannedForEncodings = 0;
			knownRegions = (
				en,
				Base,
			);
			mainGroup = DE8D4B392BF4DD6F00BA849A;
			productRefGroup = DE8D4B432BF4DD6F00BA849A /* Products */;
			projectDirPath = "";
			projectRoot = "";
			targets = (
				DE8D4B412BF4DD6F00BA849A /* Weather */,
				DE8D4B512BF4DD7100BA849A /* WeatherTests */,
				DE8D4B5B2BF4DD7100BA849A /* WeatherUITests */,
			);
		};
/* End PBXProject section */

/* Begin PBXResourcesBuildPhase section */
		DE8D4B402BF4DD6F00BA849A /* Resources */ = {
			isa = PBXResourcesBuildPhase;
			buildActionMask = 2147483647;
			files = (
				DE8D4B4D2BF4DD7100BA849A /* Preview Assets.xcassets in Resources */,
				DE51E8C42BF60DF0003A98B6 /* weatherData.json in Resources */,
				DE8D4B4A2BF4DD7100BA849A /* Assets.xcassets in Resources */,
			);
			runOnlyForDeploymentPostprocessing = 0;
		};
		DE8D4B502BF4DD7100BA849A /* Resources */ = {
			isa = PBXResourcesBuildPhase;
			buildActionMask = 2147483647;
			files = (
			);
			runOnlyForDeploymentPostprocessing = 0;
		};
		DE8D4B5A2BF4DD7100BA849A /* Resources */ = {
			isa = PBXResourcesBuildPhase;
			buildActionMask = 2147483647;
			files = (
			);
			runOnlyForDeploymentPostprocessing = 0;
		};
/* End PBXResourcesBuildPhase section */

/* Begin PBXSourcesBuildPhase section */
		DE8D4B3E2BF4DD6F00BA849A /* Sources */ = {
			isa = PBXSourcesBuildPhase;
			buildActionMask = 2147483647;
			files = (
				DE51E8BE2BF60801003A98B6 /* WeatherManager.swift in Sources */,
				DE51E8C62BF60F5D003A98B6 /* Extensions.swift in Sources */,
				DE51E8C22BF60DB1003A98B6 /* ModalData.swift in Sources */,
				DE8D4B482BF4DD6F00BA849A /* ContentView.swift in Sources */,
				DE8D4B462BF4DD6F00BA849A /* WeatherApp.swift in Sources */,
				DE51E8C92BF61725003A98B6 /* WeatherRow.swift in Sources */,
				DE8D4B712BF4E22900BA849A /* LocationManager.swift in Sources */,
				DE8D4B762BF4E78A00BA849A /* LoadingView.swift in Sources */,
				DE51E8C02BF60D50003A98B6 /* WeatherView.swift in Sources */,
				DE8D4B742BF4E46C00BA849A /* WelcomeView.swift in Sources */,
			);
			runOnlyForDeploymentPostprocessing = 0;
		};
		DE8D4B4E2BF4DD7100BA849A /* Sources */ = {
			isa = PBXSourcesBuildPhase;
			buildActionMask = 2147483647;
			files = (
				DE8D4B572BF4DD7100BA849A /* WeatherTests.swift in Sources */,
			);
			runOnlyForDeploymentPostprocessing = 0;
		};
		DE8D4B582BF4DD7100BA849A /* Sources */ = {
			isa = PBXSourcesBuildPhase;
			buildActionMask = 2147483647;
			files = (
				DE8D4B612BF4DD7100BA849A /* WeatherUITests.swift in Sources */,
				DE8D4B632BF4DD7100BA849A /* WeatherUITestsLaunchTests.swift in Sources */,
			);
			runOnlyForDeploymentPostprocessing = 0;
		};
/* End PBXSourcesBuildPhase section */

/* Begin PBXTargetDependency section */
		DE8D4B542BF4DD7100BA849A /* PBXTargetDependency */ = {
			isa = PBXTargetDependency;
			target = DE8D4B412BF4DD6F00BA849A /* Weather */;
			targetProxy = DE8D4B532BF4DD7100BA849A /* PBXContainerItemProxy */;
		};
		DE8D4B5E2BF4DD7100BA849A /* PBXTargetDependency */ = {
			isa = PBXTargetDependency;
			target = DE8D4B412BF4DD6F00BA849A /* Weather */;
			targetProxy = DE8D4B5D2BF4DD7100BA849A /* PBXContainerItemProxy */;
		};
/* End PBXTargetDependency section */

/* Begin XCBuildConfiguration section */
		DE8D4B642BF4DD7100BA849A /* Debug */ = {
			isa = XCBuildConfiguration;
			buildSettings = {
				ALWAYS_SEARCH_USER_PATHS = NO;
				ASSETCATALOG_COMPILER_GENERATE_SWIFT_ASSET_SYMBOL_EXTENSIONS = YES;
				CLANG_ANALYZER_NONNULL = YES;
				CLANG_ANALYZER_NUMBER_OBJECT_CONVERSION = YES_AGGRESSIVE;
				CLANG_CXX_LANGUAGE_STANDARD = "gnu++20";
				CLANG_ENABLE_MODULES = YES;
				CLANG_ENABLE_OBJC_ARC = YES;
				CLANG_ENABLE_OBJC_WEAK = YES;
				CLANG_WARN_BLOCK_CAPTURE_AUTORELEASING = YES;
				CLANG_WARN_BOOL_CONVERSION = YES;
				CLANG_WARN_COMMA = YES;
				CLANG_WARN_CONSTANT_CONVERSION = YES;
				CLANG_WARN_DEPRECATED_OBJC_IMPLEMENTATIONS = YES;
				CLANG_WARN_DIRECT_OBJC_ISA_USAGE = YES_ERROR;
				CLANG_WARN_DOCUMENTATION_COMMENTS = YES;
				CLANG_WARN_EMPTY_BODY = YES;
				CLANG_WARN_ENUM_CONVERSION = YES;
				CLANG_WARN_INFINITE_RECURSION = YES;
				CLANG_WARN_INT_CONVERSION = YES;
				CLANG_WARN_NON_LITERAL_NULL_CONVERSION = YES;
				CLANG_WARN_OBJC_IMPLICIT_RETAIN_SELF = YES;
				CLANG_WARN_OBJC_LITERAL_CONVERSION = YES;
				CLANG_WARN_OBJC_ROOT_CLASS = YES_ERROR;
				CLANG_WARN_QUOTED_INCLUDE_IN_FRAMEWORK_HEADER = YES;
				CLANG_WARN_RANGE_LOOP_ANALYSIS = YES;
				CLANG_WARN_STRICT_PROTOTYPES = YES;
				CLANG_WARN_SUSPICIOUS_MOVE = YES;
				CLANG_WARN_UNGUARDED_AVAILABILITY = YES_AGGRESSIVE;
				CLANG_WARN_UNREACHABLE_CODE = YES;
				CLANG_WARN__DUPLICATE_METHOD_MATCH = YES;
				COPY_PHASE_STRIP = NO;
				DEBUG_INFORMATION_FORMAT = dwarf;
				ENABLE_STRICT_OBJC_MSGSEND = YES;
				ENABLE_TESTABILITY = YES;
				ENABLE_USER_SCRIPT_SANDBOXING = YES;
				GCC_C_LANGUAGE_STANDARD = gnu17;
				GCC_DYNAMIC_NO_PIC = NO;
				GCC_NO_COMMON_BLOCKS = YES;
				GCC_OPTIMIZATION_LEVEL = 0;
				GCC_PREPROCESSOR_DEFINITIONS = (
					"DEBUG=1",
					"$(inherited)",
				);
				GCC_WARN_64_TO_32_BIT_CONVERSION = YES;
				GCC_WARN_ABOUT_RETURN_TYPE = YES_ERROR;
				GCC_WARN_UNDECLARED_SELECTOR = YES;
				GCC_WARN_UNINITIALIZED_AUTOS = YES_AGGRESSIVE;
				GCC_WARN_UNUSED_FUNCTION = YES;
				GCC_WARN_UNUSED_VARIABLE = YES;
				IPHONEOS_DEPLOYMENT_TARGET = 17.2;
				LOCALIZATION_PREFERS_STRING_CATALOGS = YES;
				MTL_ENABLE_DEBUG_INFO = INCLUDE_SOURCE;
				MTL_FAST_MATH = YES;
				ONLY_ACTIVE_ARCH = YES;
				SDKROOT = iphoneos;
				SWIFT_ACTIVE_COMPILATION_CONDITIONS = "DEBUG $(inherited)";
				SWIFT_OPTIMIZATION_LEVEL = "-Onone";
			};
			name = Debug;
		};
		DE8D4B652BF4DD7100BA849A /* Release */ = {
			isa = XCBuildConfiguration;
			buildSettings = {
				ALWAYS_SEARCH_USER_PATHS = NO;
				ASSETCATALOG_COMPILER_GENERATE_SWIFT_ASSET_SYMBOL_EXTENSIONS = YES;
				CLANG_ANALYZER_NONNULL = YES;
				CLANG_ANALYZER_NUMBER_OBJECT_CONVERSION = YES_AGGRESSIVE;
				CLANG_CXX_LANGUAGE_STANDARD = "gnu++20";
				CLANG_ENABLE_MODULES = YES;
				CLANG_ENABLE_OBJC_ARC = YES;
				CLANG_ENABLE_OBJC_WEAK = YES;
				CLANG_WARN_BLOCK_CAPTURE_AUTORELEASING = YES;
				CLANG_WARN_BOOL_CONVERSION = YES;
				CLANG_WARN_COMMA = YES;
				CLANG_WARN_CONSTANT_CONVERSION = YES;
				CLANG_WARN_DEPRECATED_OBJC_IMPLEMENTATIONS = YES;
				CLANG_WARN_DIRECT_OBJC_ISA_USAGE = YES_ERROR;
				CLANG_WARN_DOCUMENTATION_COMMENTS = YES;
				CLANG_WARN_EMPTY_BODY = YES;
				CLANG_WARN_ENUM_CONVERSION = YES;
				CLANG_WARN_INFINITE_RECURSION = YES;
				CLANG_WARN_INT_CONVERSION = YES;
				CLANG_WARN_NON_LITERAL_NULL_CONVERSION = YES;
				CLANG_WARN_OBJC_IMPLICIT_RETAIN_SELF = YES;
				CLANG_WARN_OBJC_LITERAL_CONVERSION = YES;
				CLANG_WARN_OBJC_ROOT_CLASS = YES_ERROR;
				CLANG_WARN_QUOTED_INCLUDE_IN_FRAMEWORK_HEADER = YES;
				CLANG_WARN_RANGE_LOOP_ANALYSIS = YES;
				CLANG_WARN_STRICT_PROTOTYPES = YES;
				CLANG_WARN_SUSPICIOUS_MOVE = YES;
				CLANG_WARN_UNGUARDED_AVAILABILITY = YES_AGGRESSIVE;
				CLANG_WARN_UNREACHABLE_CODE = YES;
				CLANG_WARN__DUPLICATE_METHOD_MATCH = YES;
				COPY_PHASE_STRIP = NO;
				DEBUG_INFORMATION_FORMAT = "dwarf-with-dsym";
				ENABLE_NS_ASSERTIONS = NO;
				ENABLE_STRICT_OBJC_MSGSEND = YES;
				ENABLE_USER_SCRIPT_SANDBOXING = YES;
				GCC_C_LANGUAGE_STANDARD = gnu17;
				GCC_NO_COMMON_BLOCKS = YES;
				GCC_WARN_64_TO_32_BIT_CONVERSION = YES;
				GCC_WARN_ABOUT_RETURN_TYPE = YES_ERROR;
				GCC_WARN_UNDECLARED_SELECTOR = YES;
				GCC_WARN_UNINITIALIZED_AUTOS = YES_AGGRESSIVE;
				GCC_WARN_UNUSED_FUNCTION = YES;
				GCC_WARN_UNUSED_VARIABLE = YES;
				IPHONEOS_DEPLOYMENT_TARGET = 17.2;
				LOCALIZATION_PREFERS_STRING_CATALOGS = YES;
				MTL_ENABLE_DEBUG_INFO = NO;
				MTL_FAST_MATH = YES;
				SDKROOT = iphoneos;
				SWIFT_COMPILATION_MODE = wholemodule;
				VALIDATE_PRODUCT = YES;
			};
			name = Release;
		};
		DE8D4B672BF4DD7100BA849A /* Debug */ = {
			isa = XCBuildConfiguration;
			buildSettings = {
				ASSETCATALOG_COMPILER_APPICON_NAME = AppIcon;
				ASSETCATALOG_COMPILER_GLOBAL_ACCENT_COLOR_NAME = AccentColor;
				CODE_SIGN_STYLE = Automatic;
				CURRENT_PROJECT_VERSION = 1;
				DEVELOPMENT_ASSET_PATHS = "\"Weather/Preview Content\"";
				DEVELOPMENT_TEAM = DJ2Q95ZH44;
				ENABLE_PREVIEWS = YES;
				GENERATE_INFOPLIST_FILE = YES;
				INFOPLIST_KEY_UIApplicationSceneManifest_Generation = YES;
				INFOPLIST_KEY_UIApplicationSupportsIndirectInputEvents = YES;
				INFOPLIST_KEY_UILaunchScreen_Generation = YES;
				INFOPLIST_KEY_UISupportedInterfaceOrientations_iPad = "UIInterfaceOrientationPortrait UIInterfaceOrientationPortraitUpsideDown UIInterfaceOrientationLandscapeLeft UIInterfaceOrientationLandscapeRight";
				INFOPLIST_KEY_UISupportedInterfaceOrientations_iPhone = "UIInterfaceOrientationPortrait UIInterfaceOrientationLandscapeLeft UIInterfaceOrientationLandscapeRight";
				LD_RUNPATH_SEARCH_PATHS = (
					"$(inherited)",
					"@executable_path/Frameworks",
				);
				MARKETING_VERSION = 1.0;
				PRODUCT_BUNDLE_IDENTIFIER = resan.Weather;
				PRODUCT_NAME = "$(TARGET_NAME)";
				SWIFT_EMIT_LOC_STRINGS = YES;
				SWIFT_VERSION = 5.0;
				TARGETED_DEVICE_FAMILY = "1,2";
			};
			name = Debug;
		};
		DE8D4B682BF4DD7100BA849A /* Release */ = {
			isa = XCBuildConfiguration;
			buildSettings = {
				ASSETCATALOG_COMPILER_APPICON_NAME = AppIcon;
				ASSETCATALOG_COMPILER_GLOBAL_ACCENT_COLOR_NAME = AccentColor;
				CODE_SIGN_STYLE = Automatic;
				CURRENT_PROJECT_VERSION = 1;
				DEVELOPMENT_ASSET_PATHS = "\"Weather/Preview Content\"";
				DEVELOPMENT_TEAM = DJ2Q95ZH44;
				ENABLE_PREVIEWS = YES;
				GENERATE_INFOPLIST_FILE = YES;
				INFOPLIST_KEY_UIApplicationSceneManifest_Generation = YES;
				INFOPLIST_KEY_UIApplicationSupportsIndirectInputEvents = YES;
				INFOPLIST_KEY_UILaunchScreen_Generation = YES;
				INFOPLIST_KEY_UISupportedInterfaceOrientations_iPad = "UIInterfaceOrientationPortrait UIInterfaceOrientationPortraitUpsideDown UIInterfaceOrientationLandscapeLeft UIInterfaceOrientationLandscapeRight";
				INFOPLIST_KEY_UISupportedInterfaceOrientations_iPhone = "UIInterfaceOrientationPortrait UIInterfaceOrientationLandscapeLeft UIInterfaceOrientationLandscapeRight";
				LD_RUNPATH_SEARCH_PATHS = (
					"$(inherited)",
					"@executable_path/Frameworks",
				);
				MARKETING_VERSION = 1.0;
				PRODUCT_BUNDLE_IDENTIFIER = resan.Weather;
				PRODUCT_NAME = "$(TARGET_NAME)";
				SWIFT_EMIT_LOC_STRINGS = YES;
				SWIFT_VERSION = 5.0;
				TARGETED_DEVICE_FAMILY = "1,2";
			};
			name = Release;
		};
		DE8D4B6A2BF4DD7100BA849A /* Debug */ = {
			isa = XCBuildConfiguration;
			buildSettings = {
				ALWAYS_EMBED_SWIFT_STANDARD_LIBRARIES = YES;
				BUNDLE_LOADER = "$(TEST_HOST)";
				CODE_SIGN_STYLE = Automatic;
				CURRENT_PROJECT_VERSION = 1;
				GENERATE_INFOPLIST_FILE = YES;
				IPHONEOS_DEPLOYMENT_TARGET = 17.2;
				MARKETING_VERSION = 1.0;
				PRODUCT_BUNDLE_IDENTIFIER = resan.WeatherTests;
				PRODUCT_NAME = "$(TARGET_NAME)";
				SWIFT_EMIT_LOC_STRINGS = NO;
				SWIFT_VERSION = 5.0;
				TARGETED_DEVICE_FAMILY = "1,2";
				TEST_HOST = "$(BUILT_PRODUCTS_DIR)/Weather.app/$(BUNDLE_EXECUTABLE_FOLDER_PATH)/Weather";
			};
			name = Debug;
		};
		DE8D4B6B2BF4DD7100BA849A /* Release */ = {
			isa = XCBuildConfiguration;
			buildSettings = {
				ALWAYS_EMBED_SWIFT_STANDARD_LIBRARIES = YES;
				BUNDLE_LOADER = "$(TEST_HOST)";
				CODE_SIGN_STYLE = Automatic;
				CURRENT_PROJECT_VERSION = 1;
				GENERATE_INFOPLIST_FILE = YES;
				IPHONEOS_DEPLOYMENT_TARGET = 17.2;
				MARKETING_VERSION = 1.0;
				PRODUCT_BUNDLE_IDENTIFIER = resan.WeatherTests;
				PRODUCT_NAME = "$(TARGET_NAME)";
				SWIFT_EMIT_LOC_STRINGS = NO;
				SWIFT_VERSION = 5.0;
				TARGETED_DEVICE_FAMILY = "1,2";
				TEST_HOST = "$(BUILT_PRODUCTS_DIR)/Weather.app/$(BUNDLE_EXECUTABLE_FOLDER_PATH)/Weather";
			};
			name = Release;
		};
		DE8D4B6D2BF4DD7100BA849A /* Debug */ = {
			isa = XCBuildConfiguration;
			buildSettings = {
				ALWAYS_EMBED_SWIFT_STANDARD_LIBRARIES = YES;
				CODE_SIGN_STYLE = Automatic;
				CURRENT_PROJECT_VERSION = 1;
				GENERATE_INFOPLIST_FILE = YES;
				MARKETING_VERSION = 1.0;
				PRODUCT_BUNDLE_IDENTIFIER = resan.WeatherUITests;
				PRODUCT_NAME = "$(TARGET_NAME)";
				SWIFT_EMIT_LOC_STRINGS = NO;
				SWIFT_VERSION = 5.0;
				TARGETED_DEVICE_FAMILY = "1,2";
				TEST_TARGET_NAME = Weather;
			};
			name = Debug;
		};
		DE8D4B6E2BF4DD7100BA849A /* Release */ = {
			isa = XCBuildConfiguration;
			buildSettings = {
				ALWAYS_EMBED_SWIFT_STANDARD_LIBRARIES = YES;
				CODE_SIGN_STYLE = Automatic;
				CURRENT_PROJECT_VERSION = 1;
				GENERATE_INFOPLIST_FILE = YES;
				MARKETING_VERSION = 1.0;
				PRODUCT_BUNDLE_IDENTIFIER = resan.WeatherUITests;
				PRODUCT_NAME = "$(TARGET_NAME)";
				SWIFT_EMIT_LOC_STRINGS = NO;
				SWIFT_VERSION = 5.0;
				TARGETED_DEVICE_FAMILY = "1,2";
				TEST_TARGET_NAME = Weather;
			};
			name = Release;
		};
/* End XCBuildConfiguration section */

/* Begin XCConfigurationList section */
		DE8D4B3D2BF4DD6F00BA849A /* Build configuration list for PBXProject "Weather" */ = {
			isa = XCConfigurationList;
			buildConfigurations = (
				DE8D4B642BF4DD7100BA849A /* Debug */,
				DE8D4B652BF4DD7100BA849A /* Release */,
			);
			defaultConfigurationIsVisible = 0;
			defaultConfigurationName = Release;
		};
		DE8D4B662BF4DD7100BA849A /* Build configuration list for PBXNativeTarget "Weather" */ = {
			isa = XCConfigurationList;
			buildConfigurations = (
				DE8D4B672BF4DD7100BA849A /* Debug */,
				DE8D4B682BF4DD7100BA849A /* Release */,
			);
			defaultConfigurationIsVisible = 0;
			defaultConfigurationName = Release;
		};
		DE8D4B692BF4DD7100BA849A /* Build configuration list for PBXNativeTarget "WeatherTests" */ = {
			isa = XCConfigurationList;
			buildConfigurations = (
				DE8D4B6A2BF4DD7100BA849A /* Debug */,
				DE8D4B6B2BF4DD7100BA849A /* Release */,
			);
			defaultConfigurationIsVisible = 0;
			defaultConfigurationName = Release;
		};
		DE8D4B6C2BF4DD7100BA849A /* Build configuration list for PBXNativeTarget "WeatherUITests" */ = {
			isa = XCConfigurationList;
			buildConfigurations = (
				DE8D4B6D2BF4DD7100BA849A /* Debug */,
				DE8D4B6E2BF4DD7100BA849A /* Release */,
			);
			defaultConfigurationIsVisible = 0;
			defaultConfigurationName = Release;
		};
/* End XCConfigurationList section */
	};
	rootObject = DE8D4B3A2BF4DD6F00BA849A /* Project object */;
}
